
Microsoft Visual Studio Solution File, Format Version 12.00
# Visual Studio Version 17
VisualStudioVersion = 17.2.32630.192
MinimumVisualStudioVersion = 10.0.40219.1
Project("{9A19103F-16F7-4668-BE54-9A1E7A4F7556}") = "DatingApp_6", "API\DatingApp_6.csproj", "{F022CD87-38D1-430C-BCAB-538928C61A84}"
EndProject
Global
	GlobalSection(SolutionConfigurationPlatforms) = preSolution
		Debug|Any CPU = Debug|Any CPU
		Release|Any CPU = Release|Any CPU
	EndGlobalSection
	GlobalSection(ProjectConfigurationPlatforms) = postSolution
		{F022CD87-38D1-430C-BCAB-538928C61A84}.Debug|Any CPU.ActiveCfg = Debug|Any CPU
		{F022CD87-38D1-430C-BCAB-538928C61A84}.Debug|Any CPU.Build.0 = Debug|Any CPU
		{F022CD87-38D1-430C-BCAB-538928C61A84}.Release|Any CPU.ActiveCfg = Release|Any CPU
		{F022CD87-38D1-430C-BCAB-538928C61A84}.Release|Any CPU.Build.0 = Release|Any CPU
	EndGlobalSection
	GlobalSection(SolutionProperties) = preSolution
		HideSolutionNode = FALSE
	EndGlobalSection
	GlobalSection(ExtensibilityGlobals) = postSolution
		SolutionGuid = {FA3D724E-54DD-4441-AC4D-E5B144CA0B0C}
	EndGlobalSection
EndGlobal
